
Microsoft Visual Studio Solution File, Format Version 12.00
# Visual Studio Version 16
VisualStudioVersion = 16.0.810.19
MinimumVisualStudioVersion = 10.0.40219.1
Project("{FAE04EC0-301F-11D3-BF4B-00C04F79EFBC}") = "m.Android", "m.Android\m.Android.csproj", "{4168EE85-0856-4A85-808A-F3DC991A5F77}"
EndProject
Project("{FAE04EC0-301F-11D3-BF4B-00C04F79EFBC}") = "m", "m\m.csproj", "{17CA9BDA-AD16-443F-9EB6-465AA6FD58DE}"
EndProject
Global
	GlobalSection(SolutionConfigurationPlatforms) = preSolution
		Debug|Any CPU = Debug|Any CPU
		Release|Any CPU = Release|Any CPU
	EndGlobalSection
	GlobalSection(ProjectConfigurationPlatforms) = postSolution
		{4168EE85-0856-4A85-808A-F3DC991A5F77}.Debug|Any CPU.ActiveCfg = Debug|Any CPU
		{4168EE85-0856-4A85-808A-F3DC991A5F77}.Debug|Any CPU.Build.0 = Debug|Any CPU
		{4168EE85-0856-4A85-808A-F3DC991A5F77}.Release|Any CPU.ActiveCfg = Release|Any CPU
		{4168EE85-0856-4A85-808A-F3DC991A5F77}.Release|Any CPU.Build.0 = Release|Any CPU
		{17CA9BDA-AD16-443F-9EB6-465AA6FD58DE}.Debug|Any CPU.ActiveCfg = Debug|Any CPU
		{17CA9BDA-AD16-443F-9EB6-465AA6FD58DE}.Debug|Any CPU.Build.0 = Debug|Any CPU
		{17CA9BDA-AD16-443F-9EB6-465AA6FD58DE}.Release|Any CPU.ActiveCfg = Release|Any CPU
		{17CA9BDA-AD16-443F-9EB6-465AA6FD58DE}.Release|Any CPU.Build.0 = Release|Any CPU
	EndGlobalSection
	GlobalSection(SolutionProperties) = preSolution
		HideSolutionNode = FALSE
	EndGlobalSection
	GlobalSection(ExtensibilityGlobals) = postSolution
		SolutionGuid = {731CD280-91CB-4611-8F05-B67808152A27}
	EndGlobalSection
EndGlobal
